
Microsoft Visual Studio Solution File, Format Version 12.00
# Visual Studio 15
VisualStudioVersion = 15.0.28307.106
MinimumVisualStudioVersion = 10.0.40219.1
Project("{888888A0-9F3D-457C-B088-3A5042F75D52}") = "Lab 1C", "Lab 1C\Lab 1C.pyproj", "{8C8A80D7-D6E7-4DE9-AEB7-916AD790987F}"
EndProject
Global
	GlobalSection(SolutionConfigurationPlatforms) = preSolution
		Debug|Any CPU = Debug|Any CPU
		Release|Any CPU = Release|Any CPU
	EndGlobalSection
	GlobalSection(ProjectConfigurationPlatforms) = postSolution
		{8C8A80D7-D6E7-4DE9-AEB7-916AD790987F}.Debug|Any CPU.ActiveCfg = Debug|Any CPU
		{8C8A80D7-D6E7-4DE9-AEB7-916AD790987F}.Release|Any CPU.ActiveCfg = Release|Any CPU
	EndGlobalSection
	GlobalSection(SolutionProperties) = preSolution
		HideSolutionNode = FALSE
	EndGlobalSection
	GlobalSection(ExtensibilityGlobals) = postSolution
		SolutionGuid = {F0D5847F-82B6-4F49-8A1A-311577C2CC9D}
	EndGlobalSection
EndGlobal
